
Microsoft Visual Studio Solution File, Format Version 12.00
# Visual Studio 2013
VisualStudioVersion = 12.0.31101.0
MinimumVisualStudioVersion = 10.0.40219.1
Project("{8BC9CEB8-8B4A-11D0-8D11-00A0C91BC942}") = "Q2", "Q2\Q2.vcxproj", "{895F267E-935A-4493-8763-46BEE38012D4}"
EndProject
Project("{8BC9CEB8-8B4A-11D0-8D11-00A0C91BC942}") = "Q9", "Q9\Q9.vcxproj", "{A5DAF679-DEA0-4976-925B-9B33C5FBD120}"
EndProject
Project("{8BC9CEB8-8B4A-11D0-8D11-00A0C91BC942}") = "Q10", "Q10\Q10.vcxproj", "{A2EFFADF-73AE-4338-8836-31B61EDFCC16}"
EndProject
Project("{8BC9CEB8-8B4A-11D0-8D11-00A0C91BC942}") = "Q13", "Q13\Q13.vcxproj", "{46F2CF90-724B-428C-A447-08934EB4285B}"
EndProject
Project("{8BC9CEB8-8B4A-11D0-8D11-00A0C91BC942}") = "Q63", "Q63\Q63.vcxproj", "{44D68905-7779-4870-AE8A-D5ED21616E46}"
EndProject
Project("{8BC9CEB8-8B4A-11D0-8D11-00A0C91BC942}") = "Q67", "Q67\Q67.vcxproj", "{94F38D12-F8EB-4AFE-A4E8-82DC989FB5E5}"
EndProject
Project("{8BC9CEB8-8B4A-11D0-8D11-00A0C91BC942}") = "Q64", "Q64\Q64.vcxproj", "{D5850A33-E380-4DC0-83B5-CD7739A49D8F}"
EndProject
Project("{8BC9CEB8-8B4A-11D0-8D11-00A0C91BC942}") = "Q65", "Q65\Q65.vcxproj", "{CF346D6A-1E22-47C0-9C5B-52068DA70F01}"
EndProject
Project("{8BC9CEB8-8B4A-11D0-8D11-00A0C91BC942}") = "Q66", "Q66\Q66.vcxproj", "{48C0FF09-2AE5-434A-9585-BA048B7DF115}"
EndProject
Project("{8BC9CEB8-8B4A-11D0-8D11-00A0C91BC942}") = "Test", "Test\Test.vcxproj", "{434C80B5-268C-4219-BD34-0B57EA209FEA}"
EndProject
Project("{8BC9CEB8-8B4A-11D0-8D11-00A0C91BC942}") = "Q71", "Q71\Q71.vcxproj", "{CC0B6105-BC70-4182-B023-010555A996CC}"
EndProject
Project("{8BC9CEB8-8B4A-11D0-8D11-00A0C91BC942}") = "Q68", "Q68\Q68.vcxproj", "{CA4DC7F0-E28E-4B13-8F7C-D23B5E3EF663}"
EndProject
Project("{8BC9CEB8-8B4A-11D0-8D11-00A0C91BC942}") = "Q69", "Q69\Q69.vcxproj", "{AD11A088-DAB4-4295-88ED-74E7DB24409F}"
EndProject
Project("{8BC9CEB8-8B4A-11D0-8D11-00A0C91BC942}") = "Q70", "Q70\Q70.vcxproj", "{4FDE83CC-1D4D-42A0-913B-C2E8E5B8F0A3}"
EndProject
Project("{8BC9CEB8-8B4A-11D0-8D11-00A0C91BC942}") = "Q72", "Q72\Q72.vcxproj", "{36360DD9-5D16-4BBF-990F-ABDC3FBF1BA5}"
EndProject
Project("{8BC9CEB8-8B4A-11D0-8D11-00A0C91BC942}") = "Q73", "Q73\Q73.vcxproj", "{8E2CFFDF-C464-49B2-8C9C-025A0C06D499}"
EndProject
Global
	GlobalSection(SolutionConfigurationPlatforms) = preSolution
		Debug|Win32 = Debug|Win32
		Release|Win32 = Release|Win32
	EndGlobalSection
	GlobalSection(ProjectConfigurationPlatforms) = postSolution
		{895F267E-935A-4493-8763-46BEE38012D4}.Debug|Win32.ActiveCfg = Debug|Win32
		{895F267E-935A-4493-8763-46BEE38012D4}.Debug|Win32.Build.0 = Debug|Win32
		{895F267E-935A-4493-8763-46BEE38012D4}.Release|Win32.ActiveCfg = Release|Win32
		{895F267E-935A-4493-8763-46BEE38012D4}.Release|Win32.Build.0 = Release|Win32
		{A5DAF679-DEA0-4976-925B-9B33C5FBD120}.Debug|Win32.ActiveCfg = Debug|Win32
		{A5DAF679-DEA0-4976-925B-9B33C5FBD120}.Debug|Win32.Build.0 = Debug|Win32
		{A5DAF679-DEA0-4976-925B-9B33C5FBD120}.Release|Win32.ActiveCfg = Release|Win32
		{A5DAF679-DEA0-4976-925B-9B33C5FBD120}.Release|Win32.Build.0 = Release|Win32
		{A2EFFADF-73AE-4338-8836-31B61EDFCC16}.Debug|Win32.ActiveCfg = Debug|Win32
		{A2EFFADF-73AE-4338-8836-31B61EDFCC16}.Debug|Win32.Build.0 = Debug|Win32
		{A2EFFADF-73AE-4338-8836-31B61EDFCC16}.Release|Win32.ActiveCfg = Release|Win32
		{A2EFFADF-73AE-4338-8836-31B61EDFCC16}.Release|Win32.Build.0 = Release|Win32
		{46F2CF90-724B-428C-A447-08934EB4285B}.Debug|Win32.ActiveCfg = Debug|Win32
		{46F2CF90-724B-428C-A447-08934EB4285B}.Debug|Win32.Build.0 = Debug|Win32
		{46F2CF90-724B-428C-A447-08934EB4285B}.Release|Win32.ActiveCfg = Release|Win32
		{46F2CF90-724B-428C-A447-08934EB4285B}.Release|Win32.Build.0 = Release|Win32
		{44D68905-7779-4870-AE8A-D5ED21616E46}.Debug|Win32.ActiveCfg = Debug|Win32
		{44D68905-7779-4870-AE8A-D5ED21616E46}.Debug|Win32.Build.0 = Debug|Win32
		{44D68905-7779-4870-AE8A-D5ED21616E46}.Release|Win32.ActiveCfg = Release|Win32
		{44D68905-7779-4870-AE8A-D5ED21616E46}.Release|Win32.Build.0 = Release|Win32
		{94F38D12-F8EB-4AFE-A4E8-82DC989FB5E5}.Debug|Win32.ActiveCfg = Debug|Win32
		{94F38D12-F8EB-4AFE-A4E8-82DC989FB5E5}.Debug|Win32.Build.0 = Debug|Win32
		{94F38D12-F8EB-4AFE-A4E8-82DC989FB5E5}.Release|Win32.ActiveCfg = Release|Win32
		{94F38D12-F8EB-4AFE-A4E8-82DC989FB5E5}.Release|Win32.Build.0 = Release|Win32
		{D5850A33-E380-4DC0-83B5-CD7739A49D8F}.Debug|Win32.ActiveCfg = Debug|Win32
		{D5850A33-E380-4DC0-83B5-CD7739A49D8F}.Debug|Win32.Build.0 = Debug|Win32
		{D5850A33-E380-4DC0-83B5-CD7739A49D8F}.Release|Win32.ActiveCfg = Release|Win32
		{D5850A33-E380-4DC0-83B5-CD7739A49D8F}.Release|Win32.Build.0 = Release|Win32
		{CF346D6A-1E22-47C0-9C5B-52068DA70F01}.Debug|Win32.ActiveCfg = Debug|Win32
		{CF346D6A-1E22-47C0-9C5B-52068DA70F01}.Debug|Win32.Build.0 = Debug|Win32
		{CF346D6A-1E22-47C0-9C5B-52068DA70F01}.Release|Win32.ActiveCfg = Release|Win32
		{CF346D6A-1E22-47C0-9C5B-52068DA70F01}.Release|Win32.Build.0 = Release|Win32
		{48C0FF09-2AE5-434A-9585-BA048B7DF115}.Debug|Win32.ActiveCfg = Debug|Win32
		{48C0FF09-2AE5-434A-9585-BA048B7DF115}.Debug|Win32.Build.0 = Debug|Win32
		{48C0FF09-2AE5-434A-9585-BA048B7DF115}.Release|Win32.ActiveCfg = Release|Win32
		{48C0FF09-2AE5-434A-9585-BA048B7DF115}.Release|Win32.Build.0 = Release|Win32
		{434C80B5-268C-4219-BD34-0B57EA209FEA}.Debug|Win32.ActiveCfg = Debug|Win32
		{434C80B5-268C-4219-BD34-0B57EA209FEA}.Debug|Win32.Build.0 = Debug|Win32
		{434C80B5-268C-4219-BD34-0B57EA209FEA}.Release|Win32.ActiveCfg = Release|Win32
		{434C80B5-268C-4219-BD34-0B57EA209FEA}.Release|Win32.Build.0 = Release|Win32
		{CC0B6105-BC70-4182-B023-010555A996CC}.Debug|Win32.ActiveCfg = Debug|Win32
		{CC0B6105-BC70-4182-B023-010555A996CC}.Debug|Win32.Build.0 = Debug|Win32
		{CC0B6105-BC70-4182-B023-010555A996CC}.Release|Win32.ActiveCfg = Release|Win32
		{CC0B6105-BC70-4182-B023-010555A996CC}.Release|Win32.Build.0 = Release|Win32
		{CA4DC7F0-E28E-4B13-8F7C-D23B5E3EF663}.Debug|Win32.ActiveCfg = Debug|Win32
		{CA4DC7F0-E28E-4B13-8F7C-D23B5E3EF663}.Debug|Win32.Build.0 = Debug|Win32
		{CA4DC7F0-E28E-4B13-8F7C-D23B5E3EF663}.Release|Win32.ActiveCfg = Release|Win32
		{CA4DC7F0-E28E-4B13-8F7C-D23B5E3EF663}.Release|Win32.Build.0 = Release|Win32
		{AD11A088-DAB4-4295-88ED-74E7DB24409F}.Debug|Win32.ActiveCfg = Debug|Win32
		{AD11A088-DAB4-4295-88ED-74E7DB24409F}.Debug|Win32.Build.0 = Debug|Win32
		{AD11A088-DAB4-4295-88ED-74E7DB24409F}.Release|Win32.ActiveCfg = Release|Win32
		{AD11A088-DAB4-4295-88ED-74E7DB24409F}.Release|Win32.Build.0 = Release|Win32
		{4FDE83CC-1D4D-42A0-913B-C2E8E5B8F0A3}.Debug|Win32.ActiveCfg = Debug|Win32
		{4FDE83CC-1D4D-42A0-913B-C2E8E5B8F0A3}.Debug|Win32.Build.0 = Debug|Win32
		{4FDE83CC-1D4D-42A0-913B-C2E8E5B8F0A3}.Release|Win32.ActiveCfg = Release|Win32
		{4FDE83CC-1D4D-42A0-913B-C2E8E5B8F0A3}.Release|Win32.Build.0 = Release|Win32
		{36360DD9-5D16-4BBF-990F-ABDC3FBF1BA5}.Debug|Win32.ActiveCfg = Debug|Win32
		{36360DD9-5D16-4BBF-990F-ABDC3FBF1BA5}.Debug|Win32.Build.0 = Debug|Win32
		{36360DD9-5D16-4BBF-990F-ABDC3FBF1BA5}.Release|Win32.ActiveCfg = Release|Win32
		{36360DD9-5D16-4BBF-990F-ABDC3FBF1BA5}.Release|Win32.Build.0 = Release|Win32
		{8E2CFFDF-C464-49B2-8C9C-025A0C06D499}.Debug|Win32.ActiveCfg = Debug|Win32
		{8E2CFFDF-C464-49B2-8C9C-025A0C06D499}.Debug|Win32.Build.0 = Debug|Win32
		{8E2CFFDF-C464-49B2-8C9C-025A0C06D499}.Release|Win32.ActiveCfg = Release|Win32
		{8E2CFFDF-C464-49B2-8C9C-025A0C06D499}.Release|Win32.Build.0 = Release|Win32
	EndGlobalSection
	GlobalSection(SolutionProperties) = preSolution
		HideSolutionNode = FALSE
	EndGlobalSection
EndGlobal
